# @generated - this file is auto-generated by `mise lock` https://mise.jdx.dev/dev-tools/mise-lock.html

[[tools.actionlint]]
version = "1.7.11"
backend = "aqua:rhysd/actionlint"

[tools.actionlint."platforms.linux-arm64"]
checksum = "sha256:21bc0dfb57a913fe175298c2a9e906ee630f747cb66d0a934d0d4b69f4ee1235"
url = "https://github.com/rhysd/actionlint/releases/download/v1.7.11/actionlint_1.7.11_linux_arm64.tar.gz"

[tools.actionlint."platforms.linux-arm64-musl"]
checksum = "sha256:21bc0dfb57a913fe175298c2a9e906ee630f747cb66d0a934d0d4b69f4ee1235"
url = "https://github.com/rhysd/actionlint/releases/download/v1.7.11/actionlint_1.7.11_linux_arm64.tar.gz"

[tools.actionlint."platforms.linux-x64"]
checksum = "sha256:900919a84f2229bac68ca9cd4103ea297abc35e9689ebb842c6e34a3d1b01b0a"
url = "https://github.com/rhysd/actionlint/releases/download/v1.7.11/actionlint_1.7.11_linux_amd64.tar.gz"

[tools.actionlint."platforms.linux-x64-musl"]
checksum = "sha256:900919a84f2229bac68ca9cd4103ea297abc35e9689ebb842c6e34a3d1b01b0a"
url = "https://github.com/rhysd/actionlint/releases/download/v1.7.11/actionlint_1.7.11_linux_amd64.tar.gz"

[tools.actionlint."platforms.macos-arm64"]
checksum = "sha256:a21ba7366d8329e7223faee0ed69eb13da27fe8acabb356bb7eb0b7f1e1cb6d8"
url = "https://github.com/rhysd/actionlint/releases/download/v1.7.11/actionlint_1.7.11_darwin_arm64.tar.gz"

[tools.actionlint."platforms.macos-x64"]
checksum = "sha256:17ffc17fed8f0258ef6ad4aed932d3272464c7ef7d64e1cb0d65aa97c9752107"
url = "https://github.com/rhysd/actionlint/releases/download/v1.7.11/actionlint_1.7.11_darwin_amd64.tar.gz"

[tools.actionlint."platforms.windows-x64"]
checksum = "sha256:5414b7124a91f4b5abee62e5c9d84802237734f8d15b9b7032732a32c3ebffa3"
url = "https://github.com/rhysd/actionlint/releases/download/v1.7.11/actionlint_1.7.11_windows_amd64.zip"

[[tools."github:crate-ci/cargo-release"]]
version = "1.1.1"
backend = "github:crate-ci/cargo-release"

[tools."github:crate-ci/cargo-release"."platforms.linux-arm64"]
checksum = "sha256:2b1a4a8d05afd0d958449d7a7b2cbc6dba19a2ed5c5a18055a8ef438a2667724"
url = "https://github.com/crate-ci/cargo-release/releases/download/v1.1.1/cargo-release-v1.1.1-aarch64-unknown-linux-musl.tar.gz"
url_api = "https://api.github.com/repos/crate-ci/cargo-release/releases/assets/361507303"

[tools."github:crate-ci/cargo-release"."platforms.linux-arm64-musl"]
checksum = "sha256:2b1a4a8d05afd0d958449d7a7b2cbc6dba19a2ed5c5a18055a8ef438a2667724"
url = "https://github.com/crate-ci/cargo-release/releases/download/v1.1.1/cargo-release-v1.1.1-aarch64-unknown-linux-musl.tar.gz"
url_api = "https://api.github.com/repos/crate-ci/cargo-release/releases/assets/361507303"

[tools."github:crate-ci/cargo-release"."platforms.linux-x64"]
checksum = "sha256:2868940ccbd1bc944074669b80b14bc9f6d418061efedc74a9203d800751e47a"
url = "https://github.com/crate-ci/cargo-release/releases/download/v1.1.1/cargo-release-v1.1.1-x86_64-unknown-linux-musl.tar.gz"
url_api = "https://api.github.com/repos/crate-ci/cargo-release/releases/assets/361507374"

[tools."github:crate-ci/cargo-release"."platforms.linux-x64-musl"]
checksum = "sha256:2868940ccbd1bc944074669b80b14bc9f6d418061efedc74a9203d800751e47a"
url = "https://github.com/crate-ci/cargo-release/releases/download/v1.1.1/cargo-release-v1.1.1-x86_64-unknown-linux-musl.tar.gz"
url_api = "https://api.github.com/repos/crate-ci/cargo-release/releases/assets/361507374"

[tools."github:crate-ci/cargo-release"."platforms.macos-arm64"]
checksum = "sha256:f67e5c570fb381ffc879983e34e25d33a006bf7c0d523fc14537c459e0975c44"
url = "https://github.com/crate-ci/cargo-release/releases/download/v1.1.1/cargo-release-v1.1.1-aarch64-apple-darwin.tar.gz"
url_api = "https://api.github.com/repos/crate-ci/cargo-release/releases/assets/361507668"

[tools."github:crate-ci/cargo-release"."platforms.macos-x64"]
checksum = "sha256:20d6c471b64944c47d3b718c37ce85bf6295aa9fadd4522004f0aa964c4725ef"
url = "https://github.com/crate-ci/cargo-release/releases/download/v1.1.1/cargo-release-v1.1.1-x86_64-apple-darwin.tar.gz"
url_api = "https://api.github.com/repos/crate-ci/cargo-release/releases/assets/361507706"

[tools."github:crate-ci/cargo-release"."platforms.windows-x64"]
checksum = "sha256:e25d4ea56b8ff75262ddcd51b63b740e33a2664620dc2640ea0777d95689687a"
url = "https://github.com/crate-ci/cargo-release/releases/download/v1.1.1/cargo-release-v1.1.1-x86_64-pc-windows-msvc.zip"
url_api = "https://api.github.com/repos/crate-ci/cargo-release/releases/assets/361507633"

[[tools.hadolint]]
version = "2.14.0"
backend = "aqua:hadolint/hadolint"

[tools.hadolint."platforms.linux-arm64"]
checksum = "sha256:331f1d3511b84a4f1e3d18d52fec284723e4019552f4f47b19322a53ce9a40ed"
url = "https://github.com/hadolint/hadolint/releases/download/v2.14.0/hadolint-linux-arm64"

[tools.hadolint."platforms.linux-arm64-musl"]
checksum = "sha256:331f1d3511b84a4f1e3d18d52fec284723e4019552f4f47b19322a53ce9a40ed"
url = "https://github.com/hadolint/hadolint/releases/download/v2.14.0/hadolint-linux-arm64"

[tools.hadolint."platforms.linux-x64"]
checksum = "sha256:6bf226944684f56c84dd014e8b979d27425c0148f61b3bd99bcc6f39e9dc5a47"
url = "https://github.com/hadolint/hadolint/releases/download/v2.14.0/hadolint-linux-x86_64"

[tools.hadolint."platforms.linux-x64-musl"]
checksum = "sha256:6bf226944684f56c84dd014e8b979d27425c0148f61b3bd99bcc6f39e9dc5a47"
url = "https://github.com/hadolint/hadolint/releases/download/v2.14.0/hadolint-linux-x86_64"

[tools.hadolint."platforms.macos-arm64"]
checksum = "sha256:3625e2e9f43dcfe7bd38738a5f5520ed50ce39ed28485266e6803dd7bc197b10"
url = "https://github.com/hadolint/hadolint/releases/download/v2.14.0/hadolint-macos-arm64"

[tools.hadolint."platforms.macos-x64"]
checksum = "sha256:2b69a853433f1eca522ffb921cd490bd1321424d03331fd8390f93b7fb4a02e9"
url = "https://github.com/hadolint/hadolint/releases/download/v2.14.0/hadolint-macos-x86_64"

[tools.hadolint."platforms.windows-x64"]
checksum = "sha256:8e0ee174f88edb14f207a68430c7a53c2883ed509cdbde9a3a26fffa140fa5e4"
url = "https://github.com/hadolint/hadolint/releases/download/v2.14.0/hadolint-windows-x86_64.exe"

[[tools.prek]]
version = "0.3.6"
backend = "aqua:j178/prek"

[tools.prek."platforms.linux-arm64"]
checksum = "sha256:0cf6d013c981a56465757dc7ff0fd3a9ceace27d7f0a792f435d1be79b790236"
url = "https://github.com/j178/prek/releases/download/v0.3.6/prek-aarch64-unknown-linux-musl.tar.gz"

[tools.prek."platforms.linux-arm64-musl"]
checksum = "sha256:0cf6d013c981a56465757dc7ff0fd3a9ceace27d7f0a792f435d1be79b790236"
url = "https://github.com/j178/prek/releases/download/v0.3.6/prek-aarch64-unknown-linux-musl.tar.gz"

[tools.prek."platforms.linux-x64"]
checksum = "sha256:942564ccc9c342d317294fec7b7a77aa24ec71136e3439b15cddb62e49f76899"
url = "https://github.com/j178/prek/releases/download/v0.3.6/prek-x86_64-unknown-linux-musl.tar.gz"

[tools.prek."platforms.linux-x64-musl"]
checksum = "sha256:942564ccc9c342d317294fec7b7a77aa24ec71136e3439b15cddb62e49f76899"
url = "https://github.com/j178/prek/releases/download/v0.3.6/prek-x86_64-unknown-linux-musl.tar.gz"

[tools.prek."platforms.macos-arm64"]
checksum = "sha256:50535d4fb3a0fd05f137bbdae6f8ffde17615949bd282817e3aa5755dd8d8d4c"
url = "https://github.com/j178/prek/releases/download/v0.3.6/prek-aarch64-apple-darwin.tar.gz"

[tools.prek."platforms.macos-x64"]
checksum = "sha256:0ef3ec3dd4429a5d9e2ebe1b65b37319b5611be3d688a86813aa3004761c4db3"
url = "https://github.com/j178/prek/releases/download/v0.3.6/prek-x86_64-apple-darwin.tar.gz"
provenance = "github-attestations"

[tools.prek."platforms.windows-x64"]
checksum = "sha256:71d02992997e3fc7a3cf1877febf385bc299cdbe397d1b7b2e57f8bc3d0a14e8"
url = "https://github.com/j178/prek/releases/download/v0.3.6/prek-x86_64-pc-windows-msvc.zip"

[[tools.shellcheck]]
version = "0.11.0"
backend = "aqua:koalaman/shellcheck"

[tools.shellcheck."platforms.linux-arm64"]
checksum = "sha256:12b331c1d2db6b9eb13cfca64306b1b157a86eb69db83023e261eaa7e7c14588"
url = "https://github.com/koalaman/shellcheck/releases/download/v0.11.0/shellcheck-v0.11.0.linux.aarch64.tar.xz"

[tools.shellcheck."platforms.linux-arm64-musl"]
checksum = "sha256:12b331c1d2db6b9eb13cfca64306b1b157a86eb69db83023e261eaa7e7c14588"
url = "https://github.com/koalaman/shellcheck/releases/download/v0.11.0/shellcheck-v0.11.0.linux.aarch64.tar.xz"

[tools.shellcheck."platforms.linux-x64"]
checksum = "sha256:8c3be12b05d5c177a04c29e3c78ce89ac86f1595681cab149b65b97c4e227198"
url = "https://github.com/koalaman/shellcheck/releases/download/v0.11.0/shellcheck-v0.11.0.linux.x86_64.tar.xz"

[tools.shellcheck."platforms.linux-x64-musl"]
checksum = "sha256:8c3be12b05d5c177a04c29e3c78ce89ac86f1595681cab149b65b97c4e227198"
url = "https://github.com/koalaman/shellcheck/releases/download/v0.11.0/shellcheck-v0.11.0.linux.x86_64.tar.xz"

[tools.shellcheck."platforms.macos-arm64"]
checksum = "sha256:56affdd8de5527894dca6dc3d7e0a99a873b0f004d7aabc30ae407d3f48b0a79"
url = "https://github.com/koalaman/shellcheck/releases/download/v0.11.0/shellcheck-v0.11.0.darwin.aarch64.tar.xz"

[tools.shellcheck."platforms.macos-x64"]
checksum = "sha256:3c89db4edcab7cf1c27bff178882e0f6f27f7afdf54e859fa041fca10febe4c6"
url = "https://github.com/koalaman/shellcheck/releases/download/v0.11.0/shellcheck-v0.11.0.darwin.x86_64.tar.xz"

[tools.shellcheck."platforms.windows-x64"]
checksum = "sha256:8a4e35ab0b331c85d73567b12f2a444df187f483e5079ceffa6bda1faa2e740e"
url = "https://github.com/koalaman/shellcheck/releases/download/v0.11.0/shellcheck-v0.11.0.zip"

[[tools.tombi]]
version = "0.9.9"
backend = "aqua:tombi-toml/tombi"

[tools.tombi."platforms.linux-arm64"]
checksum = "sha256:75d32d6d17a35c5307f7b67c4f80eca8d43b4d5bdacf86505a4bb87dcb3100d0"
url = "https://github.com/tombi-toml/tombi/releases/download/v0.9.9/tombi-cli-0.9.9-aarch64-unknown-linux-musl.gz"

[tools.tombi."platforms.linux-arm64-musl"]
checksum = "sha256:75d32d6d17a35c5307f7b67c4f80eca8d43b4d5bdacf86505a4bb87dcb3100d0"
url = "https://github.com/tombi-toml/tombi/releases/download/v0.9.9/tombi-cli-0.9.9-aarch64-unknown-linux-musl.gz"

[tools.tombi."platforms.linux-x64"]
checksum = "sha256:4317ffc3e08fc6e3ba92953af85b6ad361493fd79916949aec5b5b7af471922f"
url = "https://github.com/tombi-toml/tombi/releases/download/v0.9.9/tombi-cli-0.9.9-x86_64-unknown-linux-musl.gz"

[tools.tombi."platforms.linux-x64-musl"]
checksum = "sha256:4317ffc3e08fc6e3ba92953af85b6ad361493fd79916949aec5b5b7af471922f"
url = "https://github.com/tombi-toml/tombi/releases/download/v0.9.9/tombi-cli-0.9.9-x86_64-unknown-linux-musl.gz"

[tools.tombi."platforms.macos-arm64"]
checksum = "sha256:4e49e41a2f3bd7a26e11c0ce936ac0b75d60c9068798b951ea925cea04ce4a5b"
url = "https://github.com/tombi-toml/tombi/releases/download/v0.9.9/tombi-cli-0.9.9-aarch64-apple-darwin.gz"

[tools.tombi."platforms.macos-x64"]
checksum = "sha256:7f43d90e17f0a6406b5c53bb2773ea1f51e9aba00d47e76d6a55f70ba6e519e0"
url = "https://github.com/tombi-toml/tombi/releases/download/v0.9.9/tombi-cli-0.9.9-x86_64-apple-darwin.gz"

[tools.tombi."platforms.windows-x64"]
checksum = "sha256:efb2e3bd949435d244368179476658b5bed9bf35b662face2c00920faf97f247"
url = "https://github.com/tombi-toml/tombi/releases/download/v0.9.9/tombi-cli-0.9.9-x86_64-pc-windows-msvc.zip"
