# @generated - this file is auto-generated by `mise lock` https://mise.en.dev/dev-tools/mise-lock.html

[[tools.cargo-release]]
version = "1.1.5"
backend = "github:crate-ci/cargo-release"

[tools.cargo-release."platforms.linux-arm64"]
checksum = "sha256:d21b6b274b5ec369b465af4882cc31ff1f9c589b5569ea6eb4eac61882b27f9e"
url = "https://github.com/crate-ci/cargo-release/releases/download/v1.1.5/cargo-release-v1.1.5-aarch64-unknown-linux-musl.tar.gz"
url_api = "https://api.github.com/repos/crate-ci/cargo-release/releases/assets/510346210"
provenance = "github-attestations"

[tools.cargo-release."platforms.linux-arm64-musl"]
checksum = "sha256:d21b6b274b5ec369b465af4882cc31ff1f9c589b5569ea6eb4eac61882b27f9e"
url = "https://github.com/crate-ci/cargo-release/releases/download/v1.1.5/cargo-release-v1.1.5-aarch64-unknown-linux-musl.tar.gz"
url_api = "https://api.github.com/repos/crate-ci/cargo-release/releases/assets/510346210"
provenance = "github-attestations"

[tools.cargo-release."platforms.linux-x64"]
checksum = "sha256:229b9979a5dce8ea0baa65a8f91c913bac4f3f6e4c6d925fc0674aeebb1370f3"
url = "https://github.com/crate-ci/cargo-release/releases/download/v1.1.5/cargo-release-v1.1.5-x86_64-unknown-linux-musl.tar.gz"
url_api = "https://api.github.com/repos/crate-ci/cargo-release/releases/assets/510346479"
provenance = "github-attestations"
provenance_verified = true

[tools.cargo-release."platforms.linux-x64-musl"]
checksum = "sha256:229b9979a5dce8ea0baa65a8f91c913bac4f3f6e4c6d925fc0674aeebb1370f3"
url = "https://github.com/crate-ci/cargo-release/releases/download/v1.1.5/cargo-release-v1.1.5-x86_64-unknown-linux-musl.tar.gz"
url_api = "https://api.github.com/repos/crate-ci/cargo-release/releases/assets/510346479"
provenance = "github-attestations"

[tools.cargo-release."platforms.macos-arm64"]
checksum = "sha256:85bfeffd63a8d8dd260032e6b5088954ac4c9514db8aef3a7afc76082bc89813"
url = "https://github.com/crate-ci/cargo-release/releases/download/v1.1.5/cargo-release-v1.1.5-aarch64-apple-darwin.tar.gz"
url_api = "https://api.github.com/repos/crate-ci/cargo-release/releases/assets/510347358"
provenance = "github-attestations"

[tools.cargo-release."platforms.macos-x64"]
checksum = "sha256:ebfdb4ec6d5aaf625edda0b79c903405e2f1871b490ae772f819d8f4c1386706"
url = "https://github.com/crate-ci/cargo-release/releases/download/v1.1.5/cargo-release-v1.1.5-x86_64-apple-darwin.tar.gz"
url_api = "https://api.github.com/repos/crate-ci/cargo-release/releases/assets/510347751"
provenance = "github-attestations"

[tools.cargo-release."platforms.windows-x64"]
checksum = "sha256:c77962b37da29549cb3f87364930f3f5cc68d625a776359be48e7fa7ce0dfa4c"
url = "https://github.com/crate-ci/cargo-release/releases/download/v1.1.5/cargo-release-v1.1.5-x86_64-pc-windows-msvc.zip"
url_api = "https://api.github.com/repos/crate-ci/cargo-release/releases/assets/510347954"
provenance = "github-attestations"

[[tools."github:crate-ci/cargo-release"]]
version = "1.1.2"
backend = "github:crate-ci/cargo-release"

[tools."github:crate-ci/cargo-release"."platforms.linux-arm64"]
checksum = "sha256:ee60ed5ad9c7c73e68ead7ccbc56fc2bf367eaa7f188b722a00cf15a71f08c6a"
url = "https://github.com/crate-ci/cargo-release/releases/download/v1.1.2/cargo-release-v1.1.2-aarch64-unknown-linux-musl.tar.gz"
url_api = "https://api.github.com/repos/crate-ci/cargo-release/releases/assets/380569253"

[tools."github:crate-ci/cargo-release"."platforms.linux-arm64-musl"]
checksum = "sha256:ee60ed5ad9c7c73e68ead7ccbc56fc2bf367eaa7f188b722a00cf15a71f08c6a"
url = "https://github.com/crate-ci/cargo-release/releases/download/v1.1.2/cargo-release-v1.1.2-aarch64-unknown-linux-musl.tar.gz"
url_api = "https://api.github.com/repos/crate-ci/cargo-release/releases/assets/380569253"

[tools."github:crate-ci/cargo-release"."platforms.linux-x64"]
checksum = "sha256:24e641b88c90411aaacba613f40d5c8f2b686b2721dfb61afd25b67e16956089"
url = "https://github.com/crate-ci/cargo-release/releases/download/v1.1.2/cargo-release-v1.1.2-x86_64-unknown-linux-musl.tar.gz"
url_api = "https://api.github.com/repos/crate-ci/cargo-release/releases/assets/380569398"

[tools."github:crate-ci/cargo-release"."platforms.linux-x64-musl"]
checksum = "sha256:24e641b88c90411aaacba613f40d5c8f2b686b2721dfb61afd25b67e16956089"
url = "https://github.com/crate-ci/cargo-release/releases/download/v1.1.2/cargo-release-v1.1.2-x86_64-unknown-linux-musl.tar.gz"
url_api = "https://api.github.com/repos/crate-ci/cargo-release/releases/assets/380569398"

[tools."github:crate-ci/cargo-release"."platforms.macos-arm64"]
checksum = "sha256:135e1152c39b1a5ab4d3d370d0b95b0ce20a8e5a937465fcd9c6421d7c489a5b"
url = "https://github.com/crate-ci/cargo-release/releases/download/v1.1.2/cargo-release-v1.1.2-aarch64-apple-darwin.tar.gz"
url_api = "https://api.github.com/repos/crate-ci/cargo-release/releases/assets/380569463"

[tools."github:crate-ci/cargo-release"."platforms.macos-x64"]
checksum = "sha256:745c92e38c8b654979872d783da2a42b148c877f40860d4aa4ba525b8d36c845"
url = "https://github.com/crate-ci/cargo-release/releases/download/v1.1.2/cargo-release-v1.1.2-x86_64-apple-darwin.tar.gz"
url_api = "https://api.github.com/repos/crate-ci/cargo-release/releases/assets/380569735"

[tools."github:crate-ci/cargo-release"."platforms.windows-x64"]
checksum = "sha256:b36c0d3b8bd64ff78bfe6904525c5f7d8eafe56a5cd45b0d94793d8072500074"
url = "https://github.com/crate-ci/cargo-release/releases/download/v1.1.2/cargo-release-v1.1.2-x86_64-pc-windows-msvc.zip"
url_api = "https://api.github.com/repos/crate-ci/cargo-release/releases/assets/380570010"

[[tools.hadolint]]
version = "2.15.1"
backend = "aqua:hadolint/hadolint"

[tools.hadolint."platforms.linux-arm64"]
checksum = "sha256:f6198ef8090f404dbb771abfee086eb8c48ac177f30da7fd3510aca35b344b5d"
url = "https://github.com/hadolint/hadolint/releases/download/v2.15.1/hadolint-linux-arm64"
url_api = "https://api.github.com/repos/hadolint/hadolint/releases/assets/496546507"
provenance = "github-attestations"

[tools.hadolint."platforms.linux-arm64-musl"]
checksum = "sha256:f6198ef8090f404dbb771abfee086eb8c48ac177f30da7fd3510aca35b344b5d"
url = "https://github.com/hadolint/hadolint/releases/download/v2.15.1/hadolint-linux-arm64"
url_api = "https://api.github.com/repos/hadolint/hadolint/releases/assets/496546507"
provenance = "github-attestations"

[tools.hadolint."platforms.linux-x64"]
checksum = "sha256:c7187db94eeeeca956519a6af171adc31453941a1e777961f6e680f697c8c507"
url = "https://github.com/hadolint/hadolint/releases/download/v2.15.1/hadolint-linux-x86_64"
url_api = "https://api.github.com/repos/hadolint/hadolint/releases/assets/496546506"
provenance = "github-attestations"

[tools.hadolint."platforms.linux-x64-musl"]
checksum = "sha256:c7187db94eeeeca956519a6af171adc31453941a1e777961f6e680f697c8c507"
url = "https://github.com/hadolint/hadolint/releases/download/v2.15.1/hadolint-linux-x86_64"
url_api = "https://api.github.com/repos/hadolint/hadolint/releases/assets/496546506"
provenance = "github-attestations"

[tools.hadolint."platforms.macos-arm64"]
checksum = "sha256:5c09f3213f8e40406abe048233d985eebef336d4a6a20021be47fadb6cf480a2"
url = "https://github.com/hadolint/hadolint/releases/download/v2.15.1/hadolint-macos-arm64"
url_api = "https://api.github.com/repos/hadolint/hadolint/releases/assets/496546505"
provenance = "github-attestations"

[tools.hadolint."platforms.macos-x64"]
checksum = "sha256:ffe9bb18b23d5ed1eae50237aecdbb523d016e96da0bd4e7aa432040acfc3fde"
url = "https://github.com/hadolint/hadolint/releases/download/v2.15.1/hadolint-macos-x86_64"
url_api = "https://api.github.com/repos/hadolint/hadolint/releases/assets/496546509"
provenance = "github-attestations"

[tools.hadolint."platforms.windows-x64"]
checksum = "sha256:01d927294962b5387f9ead4f18679158452be4f17c765ad0bdffe5264b9c7b0a"
url = "https://github.com/hadolint/hadolint/releases/download/v2.15.1/hadolint-windows-x86_64.exe"
url_api = "https://api.github.com/repos/hadolint/hadolint/releases/assets/496546508"
provenance = "github-attestations"

[[tools.prek]]
version = "0.4.14"
backend = "aqua:j178/prek"

[tools.prek."platforms.linux-arm64"]
checksum = "sha256:a0302d10599f40eb1b46bfe28cfe04c2638f0af858787d21c5904acc8047aaff"
url = "https://github.com/j178/prek/releases/download/v0.4.14/prek-aarch64-unknown-linux-gnu.tar.gz"
url_api = "https://api.github.com/repos/j178/prek/releases/assets/517620521"
provenance = "github-attestations"

[tools.prek."platforms.linux-arm64-musl"]
checksum = "sha256:27a873abf78df8ec842829f6def4356f1f10c8ddf1741c6b2b3ba0c1e1e93f95"
url = "https://github.com/j178/prek/releases/download/v0.4.14/prek-aarch64-unknown-linux-musl.tar.gz"
url_api = "https://api.github.com/repos/j178/prek/releases/assets/517620523"
provenance = "github-attestations"

[tools.prek."platforms.linux-x64"]
checksum = "sha256:d1eacb826b9f71ce9098636d2c3e96df0ed1cf08c9c17c57bf358b401f5a995d"
url = "https://github.com/j178/prek/releases/download/v0.4.14/prek-x86_64-unknown-linux-gnu.tar.gz"
url_api = "https://api.github.com/repos/j178/prek/releases/assets/517620600"
provenance = "github-attestations"

[tools.prek."platforms.linux-x64-musl"]
checksum = "sha256:388f2e5216684c22e635dc1bde1bac5bd008a5dfc21c754ced382d19ff31413b"
url = "https://github.com/j178/prek/releases/download/v0.4.14/prek-x86_64-unknown-linux-musl.tar.gz"
url_api = "https://api.github.com/repos/j178/prek/releases/assets/517620606"
provenance = "github-attestations"

[tools.prek."platforms.macos-arm64"]
checksum = "sha256:87f7fb2b99871820eb352d9a2327461d25affe354d6d48c4edf3a34f360c6be8"
url = "https://github.com/j178/prek/releases/download/v0.4.14/prek-aarch64-apple-darwin.tar.gz"
url_api = "https://api.github.com/repos/j178/prek/releases/assets/517620513"
provenance = "github-attestations"

[tools.prek."platforms.macos-x64"]
checksum = "sha256:59073820f5145cea2fa91b7e4256bbab6ed44de364d4b6809311d7ee9653d3b7"
url = "https://github.com/j178/prek/releases/download/v0.4.14/prek-x86_64-apple-darwin.tar.gz"
url_api = "https://api.github.com/repos/j178/prek/releases/assets/517620585"
provenance = "github-attestations"

[tools.prek."platforms.windows-x64"]
checksum = "sha256:284eb3b185788fbb5c1b53b1e2217c744be44debaff88efd305b1947df6f0b82"
url = "https://github.com/j178/prek/releases/download/v0.4.14/prek-x86_64-pc-windows-msvc.zip"
url_api = "https://api.github.com/repos/j178/prek/releases/assets/517620593"
provenance = "github-attestations"

[[tools.shellcheck]]
version = "0.11.0"
backend = "aqua:koalaman/shellcheck"

[tools.shellcheck."platforms.linux-arm64"]
checksum = "sha256:12b331c1d2db6b9eb13cfca64306b1b157a86eb69db83023e261eaa7e7c14588"
url = "https://github.com/koalaman/shellcheck/releases/download/v0.11.0/shellcheck-v0.11.0.linux.aarch64.tar.xz"
url_api = "https://api.github.com/repos/koalaman/shellcheck/releases/assets/279056934"

[tools.shellcheck."platforms.linux-arm64-musl"]
checksum = "sha256:12b331c1d2db6b9eb13cfca64306b1b157a86eb69db83023e261eaa7e7c14588"
url = "https://github.com/koalaman/shellcheck/releases/download/v0.11.0/shellcheck-v0.11.0.linux.aarch64.tar.xz"
url_api = "https://api.github.com/repos/koalaman/shellcheck/releases/assets/279056934"

[tools.shellcheck."platforms.linux-x64"]
checksum = "sha256:8c3be12b05d5c177a04c29e3c78ce89ac86f1595681cab149b65b97c4e227198"
url = "https://github.com/koalaman/shellcheck/releases/download/v0.11.0/shellcheck-v0.11.0.linux.x86_64.tar.xz"
url_api = "https://api.github.com/repos/koalaman/shellcheck/releases/assets/279056942"

[tools.shellcheck."platforms.linux-x64-musl"]
checksum = "sha256:8c3be12b05d5c177a04c29e3c78ce89ac86f1595681cab149b65b97c4e227198"
url = "https://github.com/koalaman/shellcheck/releases/download/v0.11.0/shellcheck-v0.11.0.linux.x86_64.tar.xz"
url_api = "https://api.github.com/repos/koalaman/shellcheck/releases/assets/279056942"

[tools.shellcheck."platforms.macos-arm64"]
checksum = "sha256:56affdd8de5527894dca6dc3d7e0a99a873b0f004d7aabc30ae407d3f48b0a79"
url = "https://github.com/koalaman/shellcheck/releases/download/v0.11.0/shellcheck-v0.11.0.darwin.aarch64.tar.xz"
url_api = "https://api.github.com/repos/koalaman/shellcheck/releases/assets/279056932"

[tools.shellcheck."platforms.macos-x64"]
checksum = "sha256:3c89db4edcab7cf1c27bff178882e0f6f27f7afdf54e859fa041fca10febe4c6"
url = "https://github.com/koalaman/shellcheck/releases/download/v0.11.0/shellcheck-v0.11.0.darwin.x86_64.tar.xz"
url_api = "https://api.github.com/repos/koalaman/shellcheck/releases/assets/279056930"

[tools.shellcheck."platforms.windows-x64"]
checksum = "sha256:8a4e35ab0b331c85d73567b12f2a444df187f483e5079ceffa6bda1faa2e740e"
url = "https://github.com/koalaman/shellcheck/releases/download/v0.11.0/shellcheck-v0.11.0.zip"
url_api = "https://api.github.com/repos/koalaman/shellcheck/releases/assets/279056944"

[[tools.tombi]]
version = "1.4.0"
backend = "aqua:tombi-toml/tombi"

[tools.tombi."platforms.linux-arm64"]
checksum = "sha256:b70750d462954294c354a014bb90399273876b953c21e3a136aafd3d1d41f5e8"
url = "https://github.com/tombi-toml/tombi/releases/download/v1.4.0/tombi-cli-1.4.0-aarch64-unknown-linux-musl.tar.gz"
url_api = "https://api.github.com/repos/tombi-toml/tombi/releases/assets/513163060"
provenance = "github-attestations"

[tools.tombi."platforms.linux-arm64-musl"]
checksum = "sha256:b70750d462954294c354a014bb90399273876b953c21e3a136aafd3d1d41f5e8"
url = "https://github.com/tombi-toml/tombi/releases/download/v1.4.0/tombi-cli-1.4.0-aarch64-unknown-linux-musl.tar.gz"
url_api = "https://api.github.com/repos/tombi-toml/tombi/releases/assets/513163060"
provenance = "github-attestations"

[tools.tombi."platforms.linux-x64"]
checksum = "sha256:e2dc1190e0590b1fd0581fa8f85017215ed9b05a4d85c1cf18e0979b6cf24fe1"
url = "https://github.com/tombi-toml/tombi/releases/download/v1.4.0/tombi-cli-1.4.0-x86_64-unknown-linux-musl.tar.gz"
url_api = "https://api.github.com/repos/tombi-toml/tombi/releases/assets/513163088"
provenance = "github-attestations"

[tools.tombi."platforms.linux-x64-musl"]
checksum = "sha256:e2dc1190e0590b1fd0581fa8f85017215ed9b05a4d85c1cf18e0979b6cf24fe1"
url = "https://github.com/tombi-toml/tombi/releases/download/v1.4.0/tombi-cli-1.4.0-x86_64-unknown-linux-musl.tar.gz"
url_api = "https://api.github.com/repos/tombi-toml/tombi/releases/assets/513163088"
provenance = "github-attestations"

[tools.tombi."platforms.macos-arm64"]
checksum = "sha256:248159d26488f11fe8c36b9239b1ab84abe3533f4a5d8d066e56c091a99ffde1"
url = "https://github.com/tombi-toml/tombi/releases/download/v1.4.0/tombi-cli-1.4.0-aarch64-apple-darwin.tar.gz"
url_api = "https://api.github.com/repos/tombi-toml/tombi/releases/assets/513163062"
provenance = "github-attestations"

[tools.tombi."platforms.macos-x64"]
checksum = "sha256:7016e0028bf0ff122faeb49b0bb248c9d73885ce73b8ada26be6248e207977bc"
url = "https://github.com/tombi-toml/tombi/releases/download/v1.4.0/tombi-cli-1.4.0-x86_64-apple-darwin.tar.gz"
url_api = "https://api.github.com/repos/tombi-toml/tombi/releases/assets/513163065"
provenance = "github-attestations"

[tools.tombi."platforms.windows-x64"]
checksum = "sha256:376f26ef04c32b7de57352fb1572d550d2f728958f00bfa585cec94a1df677ab"
url = "https://github.com/tombi-toml/tombi/releases/download/v1.4.0/tombi-cli-1.4.0-x86_64-pc-windows-msvc.zip"
url_api = "https://api.github.com/repos/tombi-toml/tombi/releases/assets/513163086"
provenance = "github-attestations"
