{
  "name": "markdownlint-rs",
  "version": "0.3.20",
  "lockfileVersion": 3,
  "requires": true,
  "packages": {
    "": {
      "name": "markdownlint-rs",
      "version": "0.3.20",
      "license": "Unlicense",
      "bin": {
        "mdlint": "bin/mdlint.js"
      },
      "engines": {
        "node": ">=20"
      }
    }
  }
}
