{
  "name": "markdownlint-rs",
  "version": "0.3.8",
  "lockfileVersion": 3,
  "requires": true,
  "packages": {
    "": {
      "name": "markdownlint-rs",
      "version": "0.3.8",
      "cpu": [
        "x64",
        "arm64"
      ],
      "license": "Unlicense",
      "os": [
        "linux",
        "darwin",
        "win32"
      ],
      "bin": {
        "mdlint": "bin/mdlint.js"
      },
      "engines": {
        "node": ">=14"
      },
      "optionalDependencies": {
        "markdownlint-rs-darwin-arm64": "0.3.8",
        "markdownlint-rs-darwin-x64": "0.3.8",
        "markdownlint-rs-linux-arm64": "0.3.8",
        "markdownlint-rs-linux-x64": "0.3.8",
        "markdownlint-rs-win32-x64": "0.3.8"
      }
    },
    "node_modules/markdownlint-rs-darwin-arm64": {
      "optional": true
    },
    "node_modules/markdownlint-rs-darwin-x64": {
      "optional": true
    },
    "node_modules/markdownlint-rs-linux-arm64": {
      "optional": true
    },
    "node_modules/markdownlint-rs-linux-x64": {
      "optional": true
    },
    "node_modules/markdownlint-rs-win32-x64": {
      "optional": true
    }
  }
}
